
Microsoft Visual Studio Solution File, Format Version 12.00
# Visual Studio 15
VisualStudioVersion = 15.0.26403.7
MinimumVisualStudioVersion = 10.0.40219.1
Project("{FAE04EC0-301F-11D3-BF4B-00C04F79EFBC}") = "NFig.Tests", "NFig.Tests\NFig.Tests.csproj", "{2E719396-26CD-4356-BD4A-1FF129C06A2E}"
EndProject
Project("{2150E333-8FDC-42A3-9474-1A3956D46DE8}") = "Solution Items", "Solution Items", "{340996A8-0736-41B9-8F75-DCD80C5E6CBB}"
	ProjectSection(SolutionItems) = preProject
		.gitattributes = .gitattributes
		.gitignore = .gitignore
		appveyor.yml = appveyor.yml
		LICENSE.MIT = LICENSE.MIT
		README.md = README.md
	EndProjectSection
EndProject
Project("{FAE04EC0-301F-11D3-BF4B-00C04F79EFBC}") = "NFig", "NFig\NFig.csproj", "{71904777-53DA-4C9E-BFD8-0337F7ABF8F6}"
EndProject
Global
	GlobalSection(SolutionConfigurationPlatforms) = preSolution
		Debug|Any CPU = Debug|Any CPU
		Release|Any CPU = Release|Any CPU
	EndGlobalSection
	GlobalSection(ProjectConfigurationPlatforms) = postSolution
		{2E719396-26CD-4356-BD4A-1FF129C06A2E}.Debug|Any CPU.ActiveCfg = Debug|Any CPU
		{2E719396-26CD-4356-BD4A-1FF129C06A2E}.Debug|Any CPU.Build.0 = Debug|Any CPU
		{2E719396-26CD-4356-BD4A-1FF129C06A2E}.Release|Any CPU.ActiveCfg = Release|Any CPU
		{2E719396-26CD-4356-BD4A-1FF129C06A2E}.Release|Any CPU.Build.0 = Release|Any CPU
		{71904777-53DA-4C9E-BFD8-0337F7ABF8F6}.Debug|Any CPU.ActiveCfg = Debug|Any CPU
		{71904777-53DA-4C9E-BFD8-0337F7ABF8F6}.Debug|Any CPU.Build.0 = Debug|Any CPU
		{71904777-53DA-4C9E-BFD8-0337F7ABF8F6}.Release|Any CPU.ActiveCfg = Release|Any CPU
		{71904777-53DA-4C9E-BFD8-0337F7ABF8F6}.Release|Any CPU.Build.0 = Release|Any CPU
	EndGlobalSection
	GlobalSection(SolutionProperties) = preSolution
		HideSolutionNode = FALSE
	EndGlobalSection
EndGlobal
